
Microsoft Visual Studio Solution File, Format Version 12.00
# Visual Studio Version 16
VisualStudioVersion = 16.0.30114.105
MinimumVisualStudioVersion = 10.0.40219.1
Project("{FAE04EC0-301F-11D3-BF4B-00C04F79EFBC}") = "UltimateExcelToPdfGenerator", "UltimateExcelToPdfGenerator\UltimateExcelToPdfGenerator.csproj", "{F4685D83-516F-4FE8-902C-AB2DA07195A5}"
EndProject
Project("{FAE04EC0-301F-11D3-BF4B-00C04F79EFBC}") = "UltimateExcelToPdfGeneratorTests", "UltimateExcelToPdfGeneratorTests\UltimateExcelToPdfGeneratorTests.csproj", "{6B17A58E-4924-4C7D-87B3-22FD14B37964}"
EndProject
Global
	GlobalSection(SolutionConfigurationPlatforms) = preSolution
		Debug|Any CPU = Debug|Any CPU
		Release|Any CPU = Release|Any CPU
	EndGlobalSection
	GlobalSection(SolutionProperties) = preSolution
		HideSolutionNode = FALSE
	EndGlobalSection
	GlobalSection(ProjectConfigurationPlatforms) = postSolution
		{F4685D83-516F-4FE8-902C-AB2DA07195A5}.Debug|Any CPU.ActiveCfg = Debug|Any CPU
		{F4685D83-516F-4FE8-902C-AB2DA07195A5}.Debug|Any CPU.Build.0 = Debug|Any CPU
		{F4685D83-516F-4FE8-902C-AB2DA07195A5}.Release|Any CPU.ActiveCfg = Release|Any CPU
		{F4685D83-516F-4FE8-902C-AB2DA07195A5}.Release|Any CPU.Build.0 = Release|Any CPU
		{6B17A58E-4924-4C7D-87B3-22FD14B37964}.Debug|Any CPU.ActiveCfg = Debug|Any CPU
		{6B17A58E-4924-4C7D-87B3-22FD14B37964}.Debug|Any CPU.Build.0 = Debug|Any CPU
		{6B17A58E-4924-4C7D-87B3-22FD14B37964}.Release|Any CPU.ActiveCfg = Release|Any CPU
		{6B17A58E-4924-4C7D-87B3-22FD14B37964}.Release|Any CPU.Build.0 = Release|Any CPU
	EndGlobalSection
EndGlobal
